// !$*UTF8*$!
{
	archiveVersion = 1;
	classes = {
	};
	objectVersion = 46;
	objects = {

/* Begin PBXBuildFile section */
		885DD49913F249950015F75E /* UIKit.framework in Frameworks */ = {isa = PBXBuildFile; fileRef = 885DD49813F249950015F75E /* UIKit.framework */; };
		885DD49B13F249950015F75E /* Foundation.framework in Frameworks */ = {isa = PBXBuildFile; fileRef = 885DD49A13F249950015F75E /* Foundation.framework */; };
		885DD49D13F249950015F75E /* CoreGraphics.framework in Frameworks */ = {isa = PBXBuildFile; fileRef = 885DD49C13F249950015F75E /* CoreGraphics.framework */; };
		885DD4A313F249950015F75E /* InfoPlist.strings in Resources */ = {isa = PBXBuildFile; fileRef = 885DD4A113F249950015F75E /* InfoPlist.strings */; };
		885DD4A613F249950015F75E /* main.m in Sources */ = {isa = PBXBuildFile; fileRef = 885DD4A513F249950015F75E /* main.m */; };
		885DD4A913F249950015F75E /* FortuneAppDelegate.m in Sources */ = {isa = PBXBuildFile; fileRef = 885DD4A813F249950015F75E /* FortuneAppDelegate.m */; };
		885DD4AC13F249950015F75E /* MainWindow.xib in Resources */ = {isa = PBXBuildFile; fileRef = 885DD4AA13F249950015F75E /* MainWindow.xib */; };
		885DD4AF13F249950015F75E /* FortuneViewController.m in Sources */ = {isa = PBXBuildFile; fileRef = 885DD4AE13F249950015F75E /* FortuneViewController.m */; };
		885DD4B213F249950015F75E /* FortuneViewController.xib in Resources */ = {isa = PBXBuildFile; fileRef = 885DD4B013F249950015F75E /* FortuneViewController.xib */; };
/* End PBXBuildFile section */

/* Begin PBXFileReference section */
		885DD49413F249950015F75E /* Fortune.app */ = {isa = PBXFileReference; explicitFileType = wrapper.application; includeInIndex = 0; path = Fortune.app; sourceTree = BUILT_PRODUCTS_DIR; };
		885DD49813F249950015F75E /* UIKit.framework */ = {isa = PBXFileReference; lastKnownFileType = wrapper.framework; name = UIKit.framework; path = System/Library/Frameworks/UIKit.framework; sourceTree = SDKROOT; };
		885DD49A13F249950015F75E /* Foundation.framework */ = {isa = PBXFileReference; lastKnownFileType = wrapper.framework; name = Foundation.framework; path = System/Library/Frameworks/Foundation.framework; sourceTree = SDKROOT; };
		885DD49C13F249950015F75E /* CoreGraphics.framework */ = {isa = PBXFileReference; lastKnownFileType = wrapper.framework; name = CoreGraphics.framework; path = System/Library/Frameworks/CoreGraphics.framework; sourceTree = SDKROOT; };
		885DD4A013F249950015F75E /* Fortune-Info.plist */ = {isa = PBXFileReference; path = "Fortune-Info.plist"; sourceTree = "<group>"; };
		885DD4A213F249950015F75E /* en */ = {isa = PBXFileReference; lastKnownFileType = text.plist.strings; name = en; path = en.lproj/InfoPlist.strings; sourceTree = "<group>"; };
		885DD4A413F249950015F75E /* Fortune-Prefix.pch */ = {isa = PBXFileReference; path = "Fortune-Prefix.pch"; sourceTree = "<group>"; };
		885DD4A513F249950015F75E /* main.m */ = {isa = PBXFileReference; lastKnownFileType = sourcecode.c.objc; path = main.m; sourceTree = "<group>"; };
		885DD4A713F249950015F75E /* FortuneAppDelegate.h */ = {isa = PBXFileReference; path = FortuneAppDelegate.h; sourceTree = "<group>"; };
		885DD4A813F249950015F75E /* FortuneAppDelegate.m */ = {isa = PBXFileReference; lastKnownFileType = sourcecode.c.objc; path = FortuneAppDelegate.m; sourceTree = "<group>"; };
		885DD4AB13F249950015F75E /* en */ = {isa = PBXFileReference; lastKnownFileType = file.xib; name = en; path = en.lproj/MainWindow.xib; sourceTree = "<group>"; };
		885DD4AD13F249950015F75E /* FortuneViewController.h */ = {isa = PBXFileReference; path = FortuneViewController.h; sourceTree = "<group>"; };
		885DD4AE13F249950015F75E /* FortuneViewController.m */ = {isa = PBXFileReference; lastKnownFileType = sourcecode.c.objc; path = FortuneViewController.m; sourceTree = "<group>"; };
		885DD4B113F249950015F75E /* en */ = {isa = PBXFileReference; lastKnownFileType = file.xib; name = en; path = en.lproj/FortuneViewController.xib; sourceTree = "<group>"; };
/* End PBXFileReference section */

/* Begin PBXFrameworksBuildPhase section */
		885DD49113F249950015F75E /* Frameworks */ = {
			isa = PBXFrameworksBuildPhase;
			buildActionMask = 2147483647;
			files = (
				885DD49913F249950015F75E /* UIKit.framework in Frameworks */,
				885DD49B13F249950015F75E /* Foundation.framework in Frameworks */,
				885DD49D13F249950015F75E /* CoreGraphics.framework in Frameworks */,
			);
			runOnlyForDeploymentPostprocessing = 0;
		};
/* End PBXFrameworksBuildPhase section */

/* Begin PBXGroup section */
		885DD48913F249950015F75E = {
			isa = PBXGroup;
			children = (
				885DD49E13F249950015F75E /* Fortune */,
				885DD49713F249950015F75E /* Frameworks */,
				885DD49513F249950015F75E /* Products */,
			);
			sourceTree = "<group>";
		};
		885DD49513F249950015F75E /* Products */ = {
			isa = PBXGroup;
			children = (
				885DD49413F249950015F75E /* Fortune.app */,
			);
			name = Products;
			sourceTree = "<group>";
		};
		885DD49713F249950015F75E /* Frameworks */ = {
			isa = PBXGroup;
			children = (
				885DD49813F249950015F75E /* UIKit.framework */,
				885DD49A13F249950015F75E /* Foundation.framework */,
				885DD49C13F249950015F75E /* CoreGraphics.framework */,
			);
			name = Frameworks;
			sourceTree = "<group>";
		};
		885DD49E13F249950015F75E /* Fortune */ = {
			isa = PBXGroup;
			children = (
				885DD4A713F249950015F75E /* FortuneAppDelegate.h */,
				885DD4A813F249950015F75E /* FortuneAppDelegate.m */,
				885DD4AA13F249950015F75E /* MainWindow.xib */,
				885DD4AD13F249950015F75E /* FortuneViewController.h */,
				885DD4AE13F249950015F75E /* FortuneViewController.m */,
				885DD4B013F249950015F75E /* FortuneViewController.xib */,
				885DD49F13F249950015F75E /* Supporting Files */,
			);
			path = Fortune;
			sourceTree = "<group>";
		};
		885DD49F13F249950015F75E /* Supporting Files */ = {
			isa = PBXGroup;
			children = (
				885DD4A013F249950015F75E /* Fortune-Info.plist */,
				885DD4A113F249950015F75E /* InfoPlist.strings */,
				885DD4A413F249950015F75E /* Fortune-Prefix.pch */,
				885DD4A513F249950015F75E /* main.m */,
			);
			name = "Supporting Files";
			sourceTree = "<group>";
		};
/* End PBXGroup section */

/* Begin PBXNativeTarget section */
		885DD49313F249950015F75E /* Fortune */ = {
			isa = PBXNativeTarget;
			buildConfigurationList = 885DD4B513F249950015F75E /* Build configuration list for PBXNativeTarget "Fortune" */;
			buildPhases = (
				885DD49013F249950015F75E /* Sources */,
				885DD49113F249950015F75E /* Frameworks */,
				885DD49213F249950015F75E /* Resources */,
			);
			buildRules = (
			);
			dependencies = (
			);
			name = Fortune;
			productName = Fortune;
			productReference = 885DD49413F249950015F75E /* Fortune.app */;
			productType = "com.apple.product-type.application";
		};
/* End PBXNativeTarget section */

/* Begin PBXProject section */
		885DD48B13F249950015F75E /* Project object */ = {
			isa = PBXProject;
			buildConfigurationList = 885DD48E13F249950015F75E /* Build configuration list for PBXProject "Fortune" */;
			compatibilityVersion = "Xcode 3.2";
			developmentRegion = English;
			hasScannedForEncodings = 0;
			knownRegions = (
				en,
			);
			mainGroup = 885DD48913F249950015F75E;
			productRefGroup = 885DD49513F249950015F75E /* Products */;
			projectDirPath = "";
			projectRoot = "";
			targets = (
				885DD49313F249950015F75E /* Fortune */,
			);
		};
/* End PBXProject section */

/* Begin PBXResourcesBuildPhase section */
		885DD49213F249950015F75E /* Resources */ = {
			isa = PBXResourcesBuildPhase;
			buildActionMask = 2147483647;
			files = (
				885DD4A313F249950015F75E /* InfoPlist.strings in Resources */,
				885DD4AC13F249950015F75E /* MainWindow.xib in Resources */,
				885DD4B213F249950015F75E /* FortuneViewController.xib in Resources */,
			);
			runOnlyForDeploymentPostprocessing = 0;
		};
/* End PBXResourcesBuildPhase section */

/* Begin PBXSourcesBuildPhase section */
		885DD49013F249950015F75E /* Sources */ = {
			isa = PBXSourcesBuildPhase;
			buildActionMask = 2147483647;
			files = (
				885DD4A613F249950015F75E /* main.m in Sources */,
				885DD4A913F249950015F75E /* FortuneAppDelegate.m in Sources */,
				885DD4AF13F249950015F75E /* FortuneViewController.m in Sources */,
			);
			runOnlyForDeploymentPostprocessing = 0;
		};
/* End PBXSourcesBuildPhase section */

/* Begin PBXVariantGroup section */
		885DD4A113F249950015F75E /* InfoPlist.strings */ = {
			isa = PBXVariantGroup;
			children = (
				885DD4A213F249950015F75E /* en */,
			);
			name = InfoPlist.strings;
			sourceTree = "<group>";
		};
		885DD4AA13F249950015F75E /* MainWindow.xib */ = {
			isa = PBXVariantGroup;
			children = (
				885DD4AB13F249950015F75E /* en */,
			);
			name = MainWindow.xib;
			sourceTree = "<group>";
		};
		885DD4B013F249950015F75E /* FortuneViewController.xib */ = {
			isa = PBXVariantGroup;
			children = (
				885DD4B113F249950015F75E /* en */,
			);
			name = FortuneViewController.xib;
			sourceTree = "<group>";
		};
/* End PBXVariantGroup section */

/* Begin XCBuildConfiguration section */
		885DD4B313F249950015F75E /* Debug */ = {
			isa = XCBuildConfiguration;
			buildSettings = {
				ARCHS = "$(ARCHS_STANDARD_32_BIT)";
				"CODE_SIGN_IDENTITY[sdk=iphoneos*]" = "iPhone Developer";
				GCC_C_LANGUAGE_STANDARD = gnu99;
				GCC_OPTIMIZATION_LEVEL = 0;
				GCC_PREPROCESSOR_DEFINITIONS = DEBUG;
				GCC_SYMBOLS_PRIVATE_EXTERN = NO;
				GCC_VERSION = com.apple.compilers.llvmgcc42;
				GCC_WARN_ABOUT_RETURN_TYPE = YES;
				GCC_WARN_UNUSED_VARIABLE = YES;
				IPHONEOS_DEPLOYMENT_TARGET = 4.3;
				SDKROOT = iphoneos;
			};
			name = Debug;
		};
		885DD4B413F249950015F75E /* Release */ = {
			isa = XCBuildConfiguration;
			buildSettings = {
				ARCHS = "$(ARCHS_STANDARD_32_BIT)";
				"CODE_SIGN_IDENTITY[sdk=iphoneos*]" = "iPhone Developer";
				GCC_C_LANGUAGE_STANDARD = gnu99;
				GCC_VERSION = com.apple.compilers.llvmgcc42;
				GCC_WARN_ABOUT_RETURN_TYPE = YES;
				GCC_WARN_UNUSED_VARIABLE = YES;
				IPHONEOS_DEPLOYMENT_TARGET = 4.3;
				OTHER_CFLAGS = "-DNS_BLOCK_ASSERTIONS=1";
				SDKROOT = iphoneos;
			};
			name = Release;
		};
		885DD4B613F249950015F75E /* Debug */ = {
			isa = XCBuildConfiguration;
			buildSettings = {
				ALWAYS_SEARCH_USER_PATHS = NO;
				COPY_PHASE_STRIP = NO;
				GCC_DYNAMIC_NO_PIC = NO;
				GCC_PRECOMPILE_PREFIX_HEADER = YES;
				GCC_PREFIX_HEADER = "Fortune/Fortune-Prefix.pch";
				INFOPLIST_FILE = "Fortune/Fortune-Info.plist";
				PRODUCT_NAME = "$(TARGET_NAME)";
				WRAPPER_EXTENSION = app;
			};
			name = Debug;
		};
		885DD4B713F249950015F75E /* Release */ = {
			isa = XCBuildConfiguration;
			buildSettings = {
				ALWAYS_SEARCH_USER_PATHS = NO;
				COPY_PHASE_STRIP = YES;
				GCC_PRECOMPILE_PREFIX_HEADER = YES;
				GCC_PREFIX_HEADER = "Fortune/Fortune-Prefix.pch";
				INFOPLIST_FILE = "Fortune/Fortune-Info.plist";
				PRODUCT_NAME = "$(TARGET_NAME)";
				VALIDATE_PRODUCT = YES;
				WRAPPER_EXTENSION = app;
			};
			name = Release;
		};
/* End XCBuildConfiguration section */

/* Begin XCConfigurationList section */
		885DD48E13F249950015F75E /* Build configuration list for PBXProject "Fortune" */ = {
			isa = XCConfigurationList;
			buildConfigurations = (
				885DD4B313F249950015F75E /* Debug */,
				885DD4B413F249950015F75E /* Release */,
			);
			defaultConfigurationIsVisible = 0;
			defaultConfigurationName = Release;
		};
		885DD4B513F249950015F75E /* Build configuration list for PBXNativeTarget "Fortune" */ = {
			isa = XCConfigurationList;
			buildConfigurations = (
				885DD4B613F249950015F75E /* Debug */,
				885DD4B713F249950015F75E /* Release */,
			);
			defaultConfigurationIsVisible = 0;
		};
/* End XCConfigurationList section */
	};
	rootObject = 885DD48B13F249950015F75E /* Project object */;
}
