// !$*UTF8*$!
{
	archiveVersion = 1;
	classes = {
	};
	objectVersion = 46;
	objects = {

/* Begin PBXBuildFile section */
		881657AD13F9DE1B006ABB8F /* DeviceController.m in Sources */ = {isa = PBXBuildFile; fileRef = 8883E62513F26F4D002D3228 /* DeviceController.m */; };
		881657AF13F9DE1F006ABB8F /* AppDelegate.m in Sources */ = {isa = PBXBuildFile; fileRef = 885DD4A813F249950015F75E /* AppDelegate.m */; };
		881657B113F9DE2C006ABB8F /* DeviceController.xib in Resources */ = {isa = PBXBuildFile; fileRef = 8883E62713F26F67002D3228 /* DeviceController.xib */; };
		881657B213F9DE2E006ABB8F /* MainWindow.xib in Resources */ = {isa = PBXBuildFile; fileRef = 8883E62913F27290002D3228 /* MainWindow.xib */; };
		881657B313F9DE45006ABB8F /* main.m in Sources */ = {isa = PBXBuildFile; fileRef = 885DD4A513F249950015F75E /* main.m */; };
		881657C313FA507E006ABB8F /* CoreMotion.framework in Frameworks */ = {isa = PBXBuildFile; fileRef = 881657C213FA507E006ABB8F /* CoreMotion.framework */; };
		884A908513FC71F300D13891 /* AudioToolbox.framework in Frameworks */ = {isa = PBXBuildFile; fileRef = 884A908413FC71F300D13891 /* AudioToolbox.framework */; };
		884A908713FC721000D13891 /* AudioToolbox.framework in Frameworks */ = {isa = PBXBuildFile; fileRef = 884A908413FC71F300D13891 /* AudioToolbox.framework */; };
		884A908913FC811D00D13891 /* iTunesArtwork in Resources */ = {isa = PBXBuildFile; fileRef = 884A908813FC811D00D13891 /* iTunesArtwork */; };
		884A908B13FC815500D13891 /* Icon-72.png in Resources */ = {isa = PBXBuildFile; fileRef = 884A908A13FC815500D13891 /* Icon-72.png */; };
		884A908D13FC818B00D13891 /* Icon-Small.png in Resources */ = {isa = PBXBuildFile; fileRef = 884A908C13FC818B00D13891 /* Icon-Small.png */; };
		884A908F13FC81C600D13891 /* Icon-Small-50.png in Resources */ = {isa = PBXBuildFile; fileRef = 884A908E13FC81C600D13891 /* Icon-Small-50.png */; };
		884A909113FC820200D13891 /* Icon-Small@2x.png in Resources */ = {isa = PBXBuildFile; fileRef = 884A909013FC820200D13891 /* Icon-Small@2x.png */; };
		886C90DC13FB537D007A536A /* Icon.png in Resources */ = {isa = PBXBuildFile; fileRef = 886C90DB13FB537D007A536A /* Icon.png */; };
		886C90DE13FB53BC007A536A /* Icon@2x.png in Resources */ = {isa = PBXBuildFile; fileRef = 886C90DD13FB53BC007A536A /* Icon@2x.png */; };
		886C90E913FB6391007A536A /* Fortune.plist in Resources */ = {isa = PBXBuildFile; fileRef = 886C90E813FB6391007A536A /* Fortune.plist */; };
		886C90EC13FB6916007A536A /* Fortune.m in Sources */ = {isa = PBXBuildFile; fileRef = 886C90EB13FB6916007A536A /* Fortune.m */; };
		886C90F313FB6995007A536A /* InfoPlist.strings in Resources */ = {isa = PBXBuildFile; fileRef = 886C90F513FB6995007A536A /* InfoPlist.strings */; };
		886C90F913FB69D9007A536A /* Localizable.strings in Resources */ = {isa = PBXBuildFile; fileRef = 886C90FB13FB69D9007A536A /* Localizable.strings */; };
		886C90FF13FB7B76007A536A /* OCHamcrestIOS.framework in Frameworks */ = {isa = PBXBuildFile; fileRef = 886C90FE13FB7B76007A536A /* OCHamcrestIOS.framework */; };
		886C910613FB7B90007A536A /* UIKit.framework in Frameworks */ = {isa = PBXBuildFile; fileRef = 885DD49813F249950015F75E /* UIKit.framework */; };
		886C910713FB7B90007A536A /* Foundation.framework in Frameworks */ = {isa = PBXBuildFile; fileRef = 885DD49A13F249950015F75E /* Foundation.framework */; };
		886C910813FB7B90007A536A /* CoreGraphics.framework in Frameworks */ = {isa = PBXBuildFile; fileRef = 885DD49C13F249950015F75E /* CoreGraphics.framework */; };
		886C911913FB883D007A536A /* OCHamcrestIOS.framework in Frameworks */ = {isa = PBXBuildFile; fileRef = 886C90FE13FB7B76007A536A /* OCHamcrestIOS.framework */; };
		886C911B13FB885E007A536A /* libOCMock.a in Frameworks */ = {isa = PBXBuildFile; fileRef = 886C911A13FB885D007A536A /* libOCMock.a */; };
		886C912913FB89F1007A536A /* FortuneTest.m in Sources */ = {isa = PBXBuildFile; fileRef = 886C912813FB89F1007A536A /* FortuneTest.m */; };
		886C912A13FB8E44007A536A /* Fortune.m in Sources */ = {isa = PBXBuildFile; fileRef = 886C90EB13FB6916007A536A /* Fortune.m */; };
		886C912D13FB9796007A536A /* Fortune.plist in Resources */ = {isa = PBXBuildFile; fileRef = 886C90E813FB6391007A536A /* Fortune.plist */; };
		88D8B1E113F9DCF600DBCD0D /* UIKit.framework in Frameworks */ = {isa = PBXBuildFile; fileRef = 885DD49813F249950015F75E /* UIKit.framework */; };
		88D8B1E213F9DCF600DBCD0D /* Foundation.framework in Frameworks */ = {isa = PBXBuildFile; fileRef = 885DD49A13F249950015F75E /* Foundation.framework */; };
		88D8B1E313F9DCF600DBCD0D /* CoreGraphics.framework in Frameworks */ = {isa = PBXBuildFile; fileRef = 885DD49C13F249950015F75E /* CoreGraphics.framework */; };
/* End PBXBuildFile section */

/* Begin PBXFileReference section */
		881657C213FA507E006ABB8F /* CoreMotion.framework */ = {isa = PBXFileReference; lastKnownFileType = wrapper.framework; name = CoreMotion.framework; path = System/Library/Frameworks/CoreMotion.framework; sourceTree = SDKROOT; };
		884A908413FC71F300D13891 /* AudioToolbox.framework */ = {isa = PBXFileReference; lastKnownFileType = wrapper.framework; name = AudioToolbox.framework; path = System/Library/Frameworks/AudioToolbox.framework; sourceTree = SDKROOT; };
		884A908813FC811D00D13891 /* iTunesArtwork */ = {isa = PBXFileReference; lastKnownFileType = file; path = iTunesArtwork; sourceTree = "<group>"; };
		884A908A13FC815500D13891 /* Icon-72.png */ = {isa = PBXFileReference; lastKnownFileType = image.png; path = "Icon-72.png"; sourceTree = "<group>"; };
		884A908C13FC818B00D13891 /* Icon-Small.png */ = {isa = PBXFileReference; lastKnownFileType = image.png; path = "Icon-Small.png"; sourceTree = "<group>"; };
		884A908E13FC81C600D13891 /* Icon-Small-50.png */ = {isa = PBXFileReference; lastKnownFileType = image.png; path = "Icon-Small-50.png"; sourceTree = "<group>"; };
		884A909013FC820200D13891 /* Icon-Small@2x.png */ = {isa = PBXFileReference; lastKnownFileType = image.png; path = "Icon-Small@2x.png"; sourceTree = "<group>"; };
		885DD49813F249950015F75E /* UIKit.framework */ = {isa = PBXFileReference; lastKnownFileType = wrapper.framework; name = UIKit.framework; path = System/Library/Frameworks/UIKit.framework; sourceTree = SDKROOT; };
		885DD49A13F249950015F75E /* Foundation.framework */ = {isa = PBXFileReference; lastKnownFileType = wrapper.framework; name = Foundation.framework; path = System/Library/Frameworks/Foundation.framework; sourceTree = SDKROOT; };
		885DD49C13F249950015F75E /* CoreGraphics.framework */ = {isa = PBXFileReference; lastKnownFileType = wrapper.framework; name = CoreGraphics.framework; path = System/Library/Frameworks/CoreGraphics.framework; sourceTree = SDKROOT; };
		885DD4A413F249950015F75E /* Prefix.pch */ = {isa = PBXFileReference; lastKnownFileType = sourcecode.c.h; path = Prefix.pch; sourceTree = "<group>"; };
		885DD4A513F249950015F75E /* main.m */ = {isa = PBXFileReference; lastKnownFileType = sourcecode.c.objc; path = main.m; sourceTree = "<group>"; };
		885DD4A713F249950015F75E /* AppDelegate.h */ = {isa = PBXFileReference; lastKnownFileType = sourcecode.c.h; path = AppDelegate.h; sourceTree = "<group>"; };
		885DD4A813F249950015F75E /* AppDelegate.m */ = {isa = PBXFileReference; lastKnownFileType = sourcecode.c.objc; path = AppDelegate.m; sourceTree = "<group>"; };
		886C90DB13FB537D007A536A /* Icon.png */ = {isa = PBXFileReference; lastKnownFileType = image.png; path = Icon.png; sourceTree = "<group>"; };
		886C90DD13FB53BC007A536A /* Icon@2x.png */ = {isa = PBXFileReference; lastKnownFileType = image.png; path = "Icon@2x.png"; sourceTree = "<group>"; };
		886C90E813FB6391007A536A /* Fortune.plist */ = {isa = PBXFileReference; fileEncoding = 4; lastKnownFileType = text.plist.xml; path = Fortune.plist; sourceTree = "<group>"; };
		886C90EA13FB6916007A536A /* Fortune.h */ = {isa = PBXFileReference; fileEncoding = 4; lastKnownFileType = sourcecode.c.h; path = Fortune.h; sourceTree = "<group>"; };
		886C90EB13FB6916007A536A /* Fortune.m */ = {isa = PBXFileReference; fileEncoding = 4; lastKnownFileType = sourcecode.c.objc; path = Fortune.m; sourceTree = "<group>"; };
		886C90F413FB6995007A536A /* en */ = {isa = PBXFileReference; lastKnownFileType = text.plist.strings; name = en; path = en.lproj/InfoPlist.strings; sourceTree = "<group>"; };
		886C90F613FB699D007A536A /* ja */ = {isa = PBXFileReference; lastKnownFileType = text.plist.strings; name = ja; path = ja.lproj/InfoPlist.strings; sourceTree = "<group>"; };
		886C90FA13FB69D9007A536A /* en */ = {isa = PBXFileReference; lastKnownFileType = text.plist.strings; name = en; path = en.lproj/Localizable.strings; sourceTree = "<group>"; };
		886C90FC13FB69DE007A536A /* ja */ = {isa = PBXFileReference; lastKnownFileType = text.plist.strings; name = ja; path = ja.lproj/Localizable.strings; sourceTree = "<group>"; };
		886C90FE13FB7B76007A536A /* OCHamcrestIOS.framework */ = {isa = PBXFileReference; lastKnownFileType = wrapper.framework; path = OCHamcrestIOS.framework; sourceTree = "<group>"; };
		886C910513FB7B90007A536A /* ModelTest.octest */ = {isa = PBXFileReference; explicitFileType = wrapper.cfbundle; includeInIndex = 0; path = ModelTest.octest; sourceTree = BUILT_PRODUCTS_DIR; };
		886C911A13FB885D007A536A /* libOCMock.a */ = {isa = PBXFileReference; lastKnownFileType = archive.ar; path = libOCMock.a; sourceTree = "<group>"; };
		886C912013FB88F5007A536A /* NSNotificationCenter+OCMAdditions.h */ = {isa = PBXFileReference; fileEncoding = 4; lastKnownFileType = sourcecode.c.h; path = "NSNotificationCenter+OCMAdditions.h"; sourceTree = "<group>"; };
		886C912113FB88F5007A536A /* OCMArg.h */ = {isa = PBXFileReference; fileEncoding = 4; lastKnownFileType = sourcecode.c.h; path = OCMArg.h; sourceTree = "<group>"; };
		886C912213FB88F5007A536A /* OCMConstraint.h */ = {isa = PBXFileReference; fileEncoding = 4; lastKnownFileType = sourcecode.c.h; path = OCMConstraint.h; sourceTree = "<group>"; };
		886C912313FB88F5007A536A /* OCMock.h */ = {isa = PBXFileReference; fileEncoding = 4; lastKnownFileType = sourcecode.c.h; path = OCMock.h; sourceTree = "<group>"; };
		886C912413FB88F5007A536A /* OCMockObject.h */ = {isa = PBXFileReference; fileEncoding = 4; lastKnownFileType = sourcecode.c.h; path = OCMockObject.h; sourceTree = "<group>"; };
		886C912513FB88F5007A536A /* OCMockRecorder.h */ = {isa = PBXFileReference; fileEncoding = 4; lastKnownFileType = sourcecode.c.h; path = OCMockRecorder.h; sourceTree = "<group>"; };
		886C912713FB89F1007A536A /* FortuneTest.h */ = {isa = PBXFileReference; fileEncoding = 4; lastKnownFileType = sourcecode.c.h; path = FortuneTest.h; sourceTree = "<group>"; };
		886C912813FB89F1007A536A /* FortuneTest.m */ = {isa = PBXFileReference; fileEncoding = 4; lastKnownFileType = sourcecode.c.objc; path = FortuneTest.m; sourceTree = "<group>"; };
		8883E62213F24CF9002D3228 /* DeviceTest-Info.plist */ = {isa = PBXFileReference; fileEncoding = 4; lastKnownFileType = text.plist.xml; path = "DeviceTest-Info.plist"; sourceTree = "<group>"; };
		8883E62413F26F4D002D3228 /* DeviceController.h */ = {isa = PBXFileReference; fileEncoding = 4; lastKnownFileType = sourcecode.c.h; name = DeviceController.h; path = Controller/DeviceController.h; sourceTree = "<group>"; };
		8883E62513F26F4D002D3228 /* DeviceController.m */ = {isa = PBXFileReference; fileEncoding = 4; lastKnownFileType = sourcecode.c.objc; name = DeviceController.m; path = Controller/DeviceController.m; sourceTree = "<group>"; };
		8883E62713F26F67002D3228 /* DeviceController.xib */ = {isa = PBXFileReference; fileEncoding = 4; lastKnownFileType = file.xib; path = DeviceController.xib; sourceTree = "<group>"; };
		8883E62913F27290002D3228 /* MainWindow.xib */ = {isa = PBXFileReference; fileEncoding = 4; lastKnownFileType = file.xib; path = MainWindow.xib; sourceTree = "<group>"; };
		88D8B1DF13F9DCF600DBCD0D /* DeviceTest.app */ = {isa = PBXFileReference; explicitFileType = wrapper.application; includeInIndex = 0; path = DeviceTest.app; sourceTree = BUILT_PRODUCTS_DIR; };
/* End PBXFileReference section */

/* Begin PBXFrameworksBuildPhase section */
		886C910113FB7B90007A536A /* Frameworks */ = {
			isa = PBXFrameworksBuildPhase;
			buildActionMask = 2147483647;
			files = (
				884A908513FC71F300D13891 /* AudioToolbox.framework in Frameworks */,
				886C910613FB7B90007A536A /* UIKit.framework in Frameworks */,
				886C910713FB7B90007A536A /* Foundation.framework in Frameworks */,
				886C910813FB7B90007A536A /* CoreGraphics.framework in Frameworks */,
				886C911913FB883D007A536A /* OCHamcrestIOS.framework in Frameworks */,
				886C911B13FB885E007A536A /* libOCMock.a in Frameworks */,
			);
			runOnlyForDeploymentPostprocessing = 0;
		};
		88D8B1DC13F9DCF600DBCD0D /* Frameworks */ = {
			isa = PBXFrameworksBuildPhase;
			buildActionMask = 2147483647;
			files = (
				884A908713FC721000D13891 /* AudioToolbox.framework in Frameworks */,
				881657C313FA507E006ABB8F /* CoreMotion.framework in Frameworks */,
				88D8B1E113F9DCF600DBCD0D /* UIKit.framework in Frameworks */,
				88D8B1E213F9DCF600DBCD0D /* Foundation.framework in Frameworks */,
				88D8B1E313F9DCF600DBCD0D /* CoreGraphics.framework in Frameworks */,
				886C90FF13FB7B76007A536A /* OCHamcrestIOS.framework in Frameworks */,
			);
			runOnlyForDeploymentPostprocessing = 0;
		};
/* End PBXFrameworksBuildPhase section */

/* Begin PBXGroup section */
		885DD48913F249950015F75E = {
			isa = PBXGroup;
			children = (
				885DD4B813F249A00015F75E /* Classes */,
				885DD4CB13F24AFF0015F75E /* Resources */,
				885DD49713F249950015F75E /* Frameworks */,
				885DD49513F249950015F75E /* Products */,
			);
			sourceTree = "<group>";
		};
		885DD49513F249950015F75E /* Products */ = {
			isa = PBXGroup;
			children = (
				88D8B1DF13F9DCF600DBCD0D /* DeviceTest.app */,
				886C910513FB7B90007A536A /* ModelTest.octest */,
			);
			name = Products;
			sourceTree = "<group>";
		};
		885DD49713F249950015F75E /* Frameworks */ = {
			isa = PBXGroup;
			children = (
				886C911C13FB88AB007A536A /* OCMock */,
				886C90FE13FB7B76007A536A /* OCHamcrestIOS.framework */,
				885DD49813F249950015F75E /* UIKit.framework */,
				885DD49A13F249950015F75E /* Foundation.framework */,
				885DD49C13F249950015F75E /* CoreGraphics.framework */,
				881657C213FA507E006ABB8F /* CoreMotion.framework */,
				884A908413FC71F300D13891 /* AudioToolbox.framework */,
			);
			path = Frameworks;
			sourceTree = "<group>";
		};
		885DD4B813F249A00015F75E /* Classes */ = {
			isa = PBXGroup;
			children = (
				885DD4B913F249C70015F75E /* src */,
				886C90FD13FB6CBE007A536A /* test */,
			);
			path = Classes;
			sourceTree = "<group>";
		};
		885DD4B913F249C70015F75E /* src */ = {
			isa = PBXGroup;
			children = (
				885DD4CA13F24A950015F75E /* Controller */,
				885DD4C813F24A1C0015F75E /* Delegate */,
				885DD4C913F24A490015F75E /* main */,
				886C90E713FB6349007A536A /* Model */,
			);
			path = src;
			sourceTree = "<group>";
		};
		885DD4C813F24A1C0015F75E /* Delegate */ = {
			isa = PBXGroup;
			children = (
				885DD4A713F249950015F75E /* AppDelegate.h */,
				885DD4A813F249950015F75E /* AppDelegate.m */,
			);
			path = Delegate;
			sourceTree = "<group>";
		};
		885DD4C913F24A490015F75E /* main */ = {
			isa = PBXGroup;
			children = (
				885DD4A413F249950015F75E /* Prefix.pch */,
				885DD4A513F249950015F75E /* main.m */,
			);
			path = main;
			sourceTree = "<group>";
		};
		885DD4CA13F24A950015F75E /* Controller */ = {
			isa = PBXGroup;
			children = (
				8883E62413F26F4D002D3228 /* DeviceController.h */,
				8883E62513F26F4D002D3228 /* DeviceController.m */,
			);
			name = Controller;
			sourceTree = "<group>";
		};
		885DD4CB13F24AFF0015F75E /* Resources */ = {
			isa = PBXGroup;
			children = (
				886C90D913FB5369007A536A /* images */,
				885DD4CE13F24B4A0015F75E /* plist */,
				885DD4CD13F24B3D0015F75E /* strings */,
				885DD4CC13F24B340015F75E /* xib */,
			);
			path = Resources;
			sourceTree = "<group>";
		};
		885DD4CC13F24B340015F75E /* xib */ = {
			isa = PBXGroup;
			children = (
				8883E62713F26F67002D3228 /* DeviceController.xib */,
				8883E62913F27290002D3228 /* MainWindow.xib */,
			);
			path = xib;
			sourceTree = "<group>";
		};
		885DD4CD13F24B3D0015F75E /* strings */ = {
			isa = PBXGroup;
			children = (
				886C90F513FB6995007A536A /* InfoPlist.strings */,
				886C90FB13FB69D9007A536A /* Localizable.strings */,
			);
			path = strings;
			sourceTree = "<group>";
		};
		885DD4CE13F24B4A0015F75E /* plist */ = {
			isa = PBXGroup;
			children = (
				8883E62213F24CF9002D3228 /* DeviceTest-Info.plist */,
				886C90E813FB6391007A536A /* Fortune.plist */,
			);
			path = plist;
			sourceTree = "<group>";
		};
		886C90D913FB5369007A536A /* images */ = {
			isa = PBXGroup;
			children = (
				884A908813FC811D00D13891 /* iTunesArtwork */,
				886C90DB13FB537D007A536A /* Icon.png */,
				886C90DD13FB53BC007A536A /* Icon@2x.png */,
				884A908A13FC815500D13891 /* Icon-72.png */,
				884A908C13FC818B00D13891 /* Icon-Small.png */,
				884A908E13FC81C600D13891 /* Icon-Small-50.png */,
				884A909013FC820200D13891 /* Icon-Small@2x.png */,
			);
			path = images;
			sourceTree = "<group>";
		};
		886C90E713FB6349007A536A /* Model */ = {
			isa = PBXGroup;
			children = (
				886C90EA13FB6916007A536A /* Fortune.h */,
				886C90EB13FB6916007A536A /* Fortune.m */,
			);
			path = Model;
			sourceTree = "<group>";
		};
		886C90FD13FB6CBE007A536A /* test */ = {
			isa = PBXGroup;
			children = (
				886C912613FB89D6007A536A /* Model */,
			);
			path = test;
			sourceTree = "<group>";
		};
		886C911C13FB88AB007A536A /* OCMock */ = {
			isa = PBXGroup;
			children = (
				886C911D13FB88C6007A536A /* Headers */,
				886C911A13FB885D007A536A /* libOCMock.a */,
			);
			path = OCMock;
			sourceTree = "<group>";
		};
		886C911D13FB88C6007A536A /* Headers */ = {
			isa = PBXGroup;
			children = (
				886C911F13FB88DD007A536A /* OCMock */,
			);
			path = Headers;
			sourceTree = "<group>";
		};
		886C911F13FB88DD007A536A /* OCMock */ = {
			isa = PBXGroup;
			children = (
				886C912013FB88F5007A536A /* NSNotificationCenter+OCMAdditions.h */,
				886C912113FB88F5007A536A /* OCMArg.h */,
				886C912213FB88F5007A536A /* OCMConstraint.h */,
				886C912313FB88F5007A536A /* OCMock.h */,
				886C912413FB88F5007A536A /* OCMockObject.h */,
				886C912513FB88F5007A536A /* OCMockRecorder.h */,
			);
			path = OCMock;
			sourceTree = "<group>";
		};
		886C912613FB89D6007A536A /* Model */ = {
			isa = PBXGroup;
			children = (
				886C912713FB89F1007A536A /* FortuneTest.h */,
				886C912813FB89F1007A536A /* FortuneTest.m */,
			);
			path = Model;
			sourceTree = "<group>";
		};
/* End PBXGroup section */

/* Begin PBXNativeTarget section */
		886C910413FB7B90007A536A /* ModelTest */ = {
			isa = PBXNativeTarget;
			buildConfigurationList = 886C911413FB7B90007A536A /* Build configuration list for PBXNativeTarget "ModelTest" */;
			buildPhases = (
				886C910013FB7B90007A536A /* Sources */,
				886C910113FB7B90007A536A /* Frameworks */,
				886C910213FB7B90007A536A /* Resources */,
				886C910313FB7B90007A536A /* ShellScript */,
			);
			buildRules = (
			);
			dependencies = (
			);
			name = ModelTest;
			productName = ModelTest;
			productReference = 886C910513FB7B90007A536A /* ModelTest.octest */;
			productType = "com.apple.product-type.bundle";
		};
		88D8B1DE13F9DCF600DBCD0D /* DeviceTest */ = {
			isa = PBXNativeTarget;
			buildConfigurationList = 88D8B1F913F9DCF600DBCD0D /* Build configuration list for PBXNativeTarget "DeviceTest" */;
			buildPhases = (
				88D8B1DB13F9DCF600DBCD0D /* Sources */,
				88D8B1DC13F9DCF600DBCD0D /* Frameworks */,
				88D8B1DD13F9DCF600DBCD0D /* Resources */,
			);
			buildRules = (
			);
			dependencies = (
			);
			name = DeviceTest;
			productName = DeviceTest;
			productReference = 88D8B1DF13F9DCF600DBCD0D /* DeviceTest.app */;
			productType = "com.apple.product-type.application";
		};
/* End PBXNativeTarget section */

/* Begin PBXProject section */
		885DD48B13F249950015F75E /* Project object */ = {
			isa = PBXProject;
			buildConfigurationList = 885DD48E13F249950015F75E /* Build configuration list for PBXProject "DeviceTest" */;
			compatibilityVersion = "Xcode 3.2";
			developmentRegion = English;
			hasScannedForEncodings = 0;
			knownRegions = (
				en,
				ja,
			);
			mainGroup = 885DD48913F249950015F75E;
			productRefGroup = 885DD49513F249950015F75E /* Products */;
			projectDirPath = "";
			projectRoot = "";
			targets = (
				88D8B1DE13F9DCF600DBCD0D /* DeviceTest */,
				886C910413FB7B90007A536A /* ModelTest */,
			);
		};
/* End PBXProject section */

/* Begin PBXResourcesBuildPhase section */
		886C910213FB7B90007A536A /* Resources */ = {
			isa = PBXResourcesBuildPhase;
			buildActionMask = 2147483647;
			files = (
				886C912D13FB9796007A536A /* Fortune.plist in Resources */,
			);
			runOnlyForDeploymentPostprocessing = 0;
		};
		88D8B1DD13F9DCF600DBCD0D /* Resources */ = {
			isa = PBXResourcesBuildPhase;
			buildActionMask = 2147483647;
			files = (
				886C90F313FB6995007A536A /* InfoPlist.strings in Resources */,
				881657B113F9DE2C006ABB8F /* DeviceController.xib in Resources */,
				881657B213F9DE2E006ABB8F /* MainWindow.xib in Resources */,
				886C90DC13FB537D007A536A /* Icon.png in Resources */,
				886C90DE13FB53BC007A536A /* Icon@2x.png in Resources */,
				886C90E913FB6391007A536A /* Fortune.plist in Resources */,
				886C90F913FB69D9007A536A /* Localizable.strings in Resources */,
				884A908913FC811D00D13891 /* iTunesArtwork in Resources */,
				884A908B13FC815500D13891 /* Icon-72.png in Resources */,
				884A908D13FC818B00D13891 /* Icon-Small.png in Resources */,
				884A908F13FC81C600D13891 /* Icon-Small-50.png in Resources */,
				884A909113FC820200D13891 /* Icon-Small@2x.png in Resources */,
			);
			runOnlyForDeploymentPostprocessing = 0;
		};
/* End PBXResourcesBuildPhase section */

/* Begin PBXShellScriptBuildPhase section */
		886C910313FB7B90007A536A /* ShellScript */ = {
			isa = PBXShellScriptBuildPhase;
			buildActionMask = 2147483647;
			files = (
			);
			inputPaths = (
			);
			outputPaths = (
			);
			runOnlyForDeploymentPostprocessing = 0;
			shellPath = /bin/sh;
			shellScript = "# Run the unit tests in this test bundle.\n\"${SYSTEM_DEVELOPER_DIR}/Tools/RunUnitTests\"\n";
		};
/* End PBXShellScriptBuildPhase section */

/* Begin PBXSourcesBuildPhase section */
		886C910013FB7B90007A536A /* Sources */ = {
			isa = PBXSourcesBuildPhase;
			buildActionMask = 2147483647;
			files = (
				886C912913FB89F1007A536A /* FortuneTest.m in Sources */,
				886C912A13FB8E44007A536A /* Fortune.m in Sources */,
			);
			runOnlyForDeploymentPostprocessing = 0;
		};
		88D8B1DB13F9DCF600DBCD0D /* Sources */ = {
			isa = PBXSourcesBuildPhase;
			buildActionMask = 2147483647;
			files = (
				881657AD13F9DE1B006ABB8F /* DeviceController.m in Sources */,
				881657AF13F9DE1F006ABB8F /* AppDelegate.m in Sources */,
				881657B313F9DE45006ABB8F /* main.m in Sources */,
				886C90EC13FB6916007A536A /* Fortune.m in Sources */,
			);
			runOnlyForDeploymentPostprocessing = 0;
		};
/* End PBXSourcesBuildPhase section */

/* Begin PBXVariantGroup section */
		886C90F513FB6995007A536A /* InfoPlist.strings */ = {
			isa = PBXVariantGroup;
			children = (
				886C90F413FB6995007A536A /* en */,
				886C90F613FB699D007A536A /* ja */,
			);
			name = InfoPlist.strings;
			sourceTree = "<group>";
		};
		886C90FB13FB69D9007A536A /* Localizable.strings */ = {
			isa = PBXVariantGroup;
			children = (
				886C90FA13FB69D9007A536A /* en */,
				886C90FC13FB69DE007A536A /* ja */,
			);
			name = Localizable.strings;
			sourceTree = "<group>";
		};
/* End PBXVariantGroup section */

/* Begin XCBuildConfiguration section */
		885DD4B313F249950015F75E /* Debug */ = {
			isa = XCBuildConfiguration;
			buildSettings = {
				ARCHS = "$(ARCHS_STANDARD_32_BIT)";
				"CODE_SIGN_IDENTITY[sdk=iphoneos*]" = "iPhone Developer";
				GCC_C_LANGUAGE_STANDARD = gnu99;
				GCC_OPTIMIZATION_LEVEL = 0;
				GCC_PREPROCESSOR_DEFINITIONS = DEBUG;
				GCC_SYMBOLS_PRIVATE_EXTERN = NO;
				GCC_VERSION = com.apple.compilers.llvmgcc42;
				GCC_WARN_ABOUT_RETURN_TYPE = YES;
				GCC_WARN_UNUSED_VARIABLE = YES;
				IPHONEOS_DEPLOYMENT_TARGET = 4.3;
				SDKROOT = iphoneos;
			};
			name = Debug;
		};
		885DD4B413F249950015F75E /* Release */ = {
			isa = XCBuildConfiguration;
			buildSettings = {
				ARCHS = "$(ARCHS_STANDARD_32_BIT)";
				"CODE_SIGN_IDENTITY[sdk=iphoneos*]" = "iPhone Distribution";
				GCC_C_LANGUAGE_STANDARD = gnu99;
				GCC_VERSION = com.apple.compilers.llvmgcc42;
				GCC_WARN_ABOUT_RETURN_TYPE = YES;
				GCC_WARN_UNUSED_VARIABLE = YES;
				IPHONEOS_DEPLOYMENT_TARGET = 4.3;
				OTHER_CFLAGS = "-DNS_BLOCK_ASSERTIONS=1";
				"PROVISIONING_PROFILE[sdk=iphoneos*]" = "";
				SDKROOT = iphoneos;
			};
			name = Release;
		};
		886C911513FB7B90007A536A /* Debug */ = {
			isa = XCBuildConfiguration;
			buildSettings = {
				ALWAYS_SEARCH_USER_PATHS = NO;
				"CODE_SIGN_IDENTITY[sdk=iphoneos*]" = "";
				FRAMEWORK_SEARCH_PATHS = (
					"$(SDKROOT)/Developer/Library/Frameworks",
					"$(DEVELOPER_LIBRARY_DIR)/Frameworks",
					"\"$(SRCROOT)/Frameworks\"",
				);
				GCC_C_LANGUAGE_STANDARD = "compiler-default";
				GCC_PRECOMPILE_PREFIX_HEADER = NO;
				GCC_PREFIX_HEADER = "";
				GCC_VERSION = "";
				GENERATE_PROFILING_CODE = YES;
				HEADER_SEARCH_PATHS = "\"$(SRCROOT)/Frameworks/OCMock/Headers\"";
				INFOPLIST_EXPAND_BUILD_SETTINGS = YES;
				INFOPLIST_FILE = "";
				LIBRARY_SEARCH_PATHS = (
					"$(inherited)",
					"\"$(SRCROOT)/Frameworks/OCMock\"",
				);
				OTHER_LDFLAGS = (
					"-framework",
					Foundation,
					"-framework",
					SenTestingKit,
					"-framework",
					UIKit,
					"-all_load",
					"-lstdc++",
					"-lgcov",
				);
				PRODUCT_NAME = "$(TARGET_NAME)";
				RUN_CLANG_STATIC_ANALYZER = NO;
				TEST_AFTER_BUILD = YES;
				WRAPPER_EXTENSION = octest;
			};
			name = Debug;
		};
		886C911613FB7B90007A536A /* Release */ = {
			isa = XCBuildConfiguration;
			buildSettings = {
				ALWAYS_SEARCH_USER_PATHS = NO;
				"CODE_SIGN_IDENTITY[sdk=iphoneos*]" = "";
				FRAMEWORK_SEARCH_PATHS = (
					"$(SDKROOT)/Developer/Library/Frameworks",
					"$(DEVELOPER_LIBRARY_DIR)/Frameworks",
					"\"$(SRCROOT)/Frameworks\"",
				);
				GCC_C_LANGUAGE_STANDARD = "compiler-default";
				GCC_PRECOMPILE_PREFIX_HEADER = NO;
				GCC_PREFIX_HEADER = "";
				GCC_VERSION = "";
				GENERATE_PROFILING_CODE = YES;
				HEADER_SEARCH_PATHS = "\"$(SRCROOT)/Frameworks/OCMock/Headers\"";
				INFOPLIST_EXPAND_BUILD_SETTINGS = YES;
				INFOPLIST_FILE = "";
				LIBRARY_SEARCH_PATHS = (
					"$(inherited)",
					"\"$(SRCROOT)/Frameworks/OCMock\"",
				);
				OTHER_LDFLAGS = (
					"-framework",
					Foundation,
					"-framework",
					SenTestingKit,
					"-framework",
					UIKit,
					"-all_load",
					"-lstdc++",
					"-lgcov",
				);
				PRODUCT_NAME = "$(TARGET_NAME)";
				RUN_CLANG_STATIC_ANALYZER = NO;
				TEST_AFTER_BUILD = YES;
				WRAPPER_EXTENSION = octest;
			};
			name = Release;
		};
		88D8B1FA13F9DCF600DBCD0D /* Debug */ = {
			isa = XCBuildConfiguration;
			buildSettings = {
				ALWAYS_SEARCH_USER_PATHS = NO;
				"CODE_SIGN_IDENTITY[sdk=iphoneos*]" = "iPhone Distribution";
				COPY_PHASE_STRIP = NO;
				FRAMEWORK_SEARCH_PATHS = (
					"$(inherited)",
					"\"$(SRCROOT)/Frameworks\"",
				);
				GCC_DYNAMIC_NO_PIC = NO;
				GCC_PRECOMPILE_PREFIX_HEADER = YES;
				GCC_PREFIX_HEADER = Classes/src/main/Prefix.pch;
				INFOPLIST_FILE = "Resources/plist/DeviceTest-Info.plist";
				PRODUCT_NAME = "$(TARGET_NAME)";
				"PROVISIONING_PROFILE[sdk=iphoneos*]" = "";
				WRAPPER_EXTENSION = app;
			};
			name = Debug;
		};
		88D8B1FB13F9DCF600DBCD0D /* Release */ = {
			isa = XCBuildConfiguration;
			buildSettings = {
				ALWAYS_SEARCH_USER_PATHS = NO;
				"CODE_SIGN_IDENTITY[sdk=iphoneos*]" = "iPhone Distribution";
				COPY_PHASE_STRIP = YES;
				FRAMEWORK_SEARCH_PATHS = (
					"$(inherited)",
					"\"$(SRCROOT)/Frameworks\"",
				);
				GCC_PRECOMPILE_PREFIX_HEADER = YES;
				GCC_PREFIX_HEADER = Classes/src/main/Prefix.pch;
				INFOPLIST_FILE = "Resources/plist/DeviceTest-Info.plist";
				PRODUCT_NAME = "$(TARGET_NAME)";
				"PROVISIONING_PROFILE[sdk=iphoneos*]" = "";
				VALIDATE_PRODUCT = YES;
				WRAPPER_EXTENSION = app;
			};
			name = Release;
		};
/* End XCBuildConfiguration section */

/* Begin XCConfigurationList section */
		885DD48E13F249950015F75E /* Build configuration list for PBXProject "DeviceTest" */ = {
			isa = XCConfigurationList;
			buildConfigurations = (
				885DD4B313F249950015F75E /* Debug */,
				885DD4B413F249950015F75E /* Release */,
			);
			defaultConfigurationIsVisible = 0;
			defaultConfigurationName = Release;
		};
		886C911413FB7B90007A536A /* Build configuration list for PBXNativeTarget "ModelTest" */ = {
			isa = XCConfigurationList;
			buildConfigurations = (
				886C911513FB7B90007A536A /* Debug */,
				886C911613FB7B90007A536A /* Release */,
			);
			defaultConfigurationIsVisible = 0;
			defaultConfigurationName = Release;
		};
		88D8B1F913F9DCF600DBCD0D /* Build configuration list for PBXNativeTarget "DeviceTest" */ = {
			isa = XCConfigurationList;
			buildConfigurations = (
				88D8B1FA13F9DCF600DBCD0D /* Debug */,
				88D8B1FB13F9DCF600DBCD0D /* Release */,
			);
			defaultConfigurationIsVisible = 0;
			defaultConfigurationName = Release;
		};
/* End XCConfigurationList section */
	};
	rootObject = 885DD48B13F249950015F75E /* Project object */;
}
